{
  "name": "@hutechwebsite/necessitatibus-illum-corrupti-inventore",
  "version": "1.0.0",
  "lockfileVersion": 3,
  "requires": true,
  "packages": {
    "": {
      "name": "@hutechwebsite/necessitatibus-illum-corrupti-inventore",
      "version": "1.0.0",
      "license": "MIT",
      "dependencies": {
        "coding-course-api": "^0.1.2",
        "saoviet-caculator": "^0.1.2",
        "saoviet-caculator-module": "^0.1.1"
      }
    },
    "node_modules/coding-course-api": {
      "version": "0.1.2",
      "resolved": "https://registry.npmjs.org/coding-course-api/-/coding-course-api-0.1.2.tgz",
      "integrity": "sha512-wwrBalno9mEIS35qFA0ehwpvQG4Yuysc7PSYGw3X7oP6Nnk6xQ0ZDKtHtUk+gwWT73ye8ljaTa/RtAtMA+9XLA=="
    },
    "node_modules/saoviet-caculator": {
      "version": "0.1.2",
      "resolved": "https://registry.npmjs.org/saoviet-caculator/-/saoviet-caculator-0.1.2.tgz",
      "integrity": "sha512-JdvMgCZPhDgy0gnGpPDaYpWpjAdOZWlS40gLnCB1jqf0IXjLGODVoxdYMhbDctB3JJLooU8MLkCPc8derPq1LQ=="
    },
    "node_modules/saoviet-caculator-module": {
      "version": "0.1.1",
      "resolved": "https://registry.npmjs.org/saoviet-caculator-module/-/saoviet-caculator-module-0.1.1.tgz",
      "integrity": "sha512-bf0GnXYJVLSjj1T9GJEyoUNus8/wVCGDQdgvynHK2tIT4H+n5ZauyTxb4EpYAW9Pfg+Lrwj/oTYBahWM1kDtpw=="
    }
  }
}
